{
  "name": "producer",
  "lockfileVersion": 2,
  "requires": true,
  "packages": {
    "": {
      "dependencies": {
        "kubemq-restnodejs": "^1.0.2"
      }
    },
    "node_modules/kubemq-restnodejs": {
      "version": "1.0.2",
      "resolved": "https://registry.npmjs.org/kubemq-restnodejs/-/kubemq-restnodejs-1.0.2.tgz",
      "integrity": "sha512-p9Olu0M8hQN3Kwj1sWE4rlbOZvyVUZtIS/T5jtMuspJVJpp0u7Qe0RwL1g9hLhwFkayNrpTuqVigeavw0As2vw==",
      "dependencies": {
        "ws": "^7.2.0"
      }
    },
    "node_modules/ws": {
      "version": "7.5.7",
      "resolved": "https://registry.npmjs.org/ws/-/ws-7.5.7.tgz",
      "integrity": "sha512-KMvVuFzpKBuiIXW3E4u3mySRO2/mCHSyZDJQM5NQ9Q9KHWHWh0NHgfbRMLLrceUK5qAL4ytALJbpRMjixFZh8A==",
      "engines": {
        "node": ">=8.3.0"
      },
      "peerDependencies": {
        "bufferutil": "^4.0.1",
        "utf-8-validate": "^5.0.2"
      },
      "peerDependenciesMeta": {
        "bufferutil": {
          "optional": true
        },
        "utf-8-validate": {
          "optional": true
        }
      }
    }
  },
  "dependencies": {
    "kubemq-restnodejs": {
      "version": "1.0.2",
      "resolved": "https://registry.npmjs.org/kubemq-restnodejs/-/kubemq-restnodejs-1.0.2.tgz",
      "integrity": "sha512-p9Olu0M8hQN3Kwj1sWE4rlbOZvyVUZtIS/T5jtMuspJVJpp0u7Qe0RwL1g9hLhwFkayNrpTuqVigeavw0As2vw==",
      "requires": {
        "ws": "^7.2.0"
      }
    },
    "ws": {
      "version": "7.5.7",
      "resolved": "https://registry.npmjs.org/ws/-/ws-7.5.7.tgz",
      "integrity": "sha512-KMvVuFzpKBuiIXW3E4u3mySRO2/mCHSyZDJQM5NQ9Q9KHWHWh0NHgfbRMLLrceUK5qAL4ytALJbpRMjixFZh8A==",
      "requires": {}
    }
  }
}
